
Microsoft Visual Studio Solution File, Format Version 12.00
# Visual Studio Version 17
VisualStudioVersion = 17.5.001.0
MinimumVisualStudioVersion = 10.0.40219.1
Project("{9A19103F-16F7-4668-BE54-9A1E7A4F7556}") = "YouCube", "YouCube.csproj", "{0397DAC8-3E4F-4A0A-B102-71A010F55D49}"
EndProject
Global
	GlobalSection(SolutionConfigurationPlatforms) = preSolution
		Debug|Any CPU = Debug|Any CPU
		Release|Any CPU = Release|Any CPU
	EndGlobalSection
	GlobalSection(ProjectConfigurationPlatforms) = postSolution
		{0397DAC8-3E4F-4A0A-B102-71A010F55D49}.Debug|Any CPU.ActiveCfg = Debug|Any CPU
		{0397DAC8-3E4F-4A0A-B102-71A010F55D49}.Debug|Any CPU.Build.0 = Debug|Any CPU
		{0397DAC8-3E4F-4A0A-B102-71A010F55D49}.Release|Any CPU.ActiveCfg = Release|Any CPU
		{0397DAC8-3E4F-4A0A-B102-71A010F55D49}.Release|Any CPU.Build.0 = Release|Any CPU
	EndGlobalSection
	GlobalSection(SolutionProperties) = preSolution
		HideSolutionNode = FALSE
	EndGlobalSection
	GlobalSection(ExtensibilityGlobals) = postSolution
		SolutionGuid = {900F40BF-2C12-4A74-8AAB-701565D2C4F1}
	EndGlobalSection
EndGlobal
